
Microsoft Visual Studio Solution File, Format Version 12.00
# Visual Studio Version 17
VisualStudioVersion = 17.6.33815.320
MinimumVisualStudioVersion = 10.0.40219.1
Project("{9A19103F-16F7-4668-BE54-9A1E7A4F7556}") = "IsoniaHub", "IsoniaHub\IsoniaHub.csproj", "{176DED34-5CD3-4108-BECF-2A358628775D}"
EndProject
Project("{9A19103F-16F7-4668-BE54-9A1E7A4F7556}") = "IsoniaCore", "IsoniaCore\IsoniaCore.csproj", "{7E2F26DD-7EC8-4A84-B1DC-3B673D12742D}"
EndProject
Global
	GlobalSection(SolutionConfigurationPlatforms) = preSolution
		Debug|Any CPU = Debug|Any CPU
		Release|Any CPU = Release|Any CPU
	EndGlobalSection
	GlobalSection(ProjectConfigurationPlatforms) = postSolution
		{176DED34-5CD3-4108-BECF-2A358628775D}.Debug|Any CPU.ActiveCfg = Debug|Any CPU
		{176DED34-5CD3-4108-BECF-2A358628775D}.Debug|Any CPU.Build.0 = Debug|Any CPU
		{176DED34-5CD3-4108-BECF-2A358628775D}.Release|Any CPU.ActiveCfg = Release|Any CPU
		{176DED34-5CD3-4108-BECF-2A358628775D}.Release|Any CPU.Build.0 = Release|Any CPU
		{7E2F26DD-7EC8-4A84-B1DC-3B673D12742D}.Debug|Any CPU.ActiveCfg = Debug|Any CPU
		{7E2F26DD-7EC8-4A84-B1DC-3B673D12742D}.Debug|Any CPU.Build.0 = Debug|Any CPU
		{7E2F26DD-7EC8-4A84-B1DC-3B673D12742D}.Release|Any CPU.ActiveCfg = Release|Any CPU
		{7E2F26DD-7EC8-4A84-B1DC-3B673D12742D}.Release|Any CPU.Build.0 = Release|Any CPU
	EndGlobalSection
	GlobalSection(SolutionProperties) = preSolution
		HideSolutionNode = FALSE
	EndGlobalSection
	GlobalSection(ExtensibilityGlobals) = postSolution
		SolutionGuid = {FBBF6630-B7CA-4F2C-898B-6F9C3639A967}
	EndGlobalSection
EndGlobal
